
Microsoft Visual Studio Solution File, Format Version 12.00
# Visual Studio 14
VisualStudioVersion = 14.0.25420.1
MinimumVisualStudioVersion = 10.0.40219.1
Project("{FAE04EC0-301F-11D3-BF4B-00C04F79EFBC}") = "HueBulbRestLibrary", "HueBulbRestLibrary\HueBulbRestLibrary.csproj", "{B673C0F2-5877-44C5-A783-CAF57628A45B}"
EndProject
Project("{FAE04EC0-301F-11D3-BF4B-00C04F79EFBC}") = "SpeechRecognitionWebApp", "SpeechRecognitionWebApp\SpeechRecognitionWebApp.csproj", "{9D1EC38F-8118-4CD3-BBAC-5A0A0F3BCE2F}"
EndProject
Project("{FAE04EC0-301F-11D3-BF4B-00C04F79EFBC}") = "HouseSpecRepo", "HouseSpecRepo.cs\HouseSpecRepo.csproj", "{C594967A-73FF-40B4-A275-BAEE3F3721C8}"
EndProject
Project("{FAE04EC0-301F-11D3-BF4B-00C04F79EFBC}") = "SubjectModels", "SubjectModels\SubjectModels.csproj", "{1AD16A44-C870-4B17-AF25-2585CE3318AA}"
EndProject
Global
	GlobalSection(SolutionConfigurationPlatforms) = preSolution
		Debug|Any CPU = Debug|Any CPU
		Debug|x64 = Debug|x64
		Release|Any CPU = Release|Any CPU
		Release|x64 = Release|x64
	EndGlobalSection
	GlobalSection(ProjectConfigurationPlatforms) = postSolution
		{B673C0F2-5877-44C5-A783-CAF57628A45B}.Debug|Any CPU.ActiveCfg = Debug|Any CPU
		{B673C0F2-5877-44C5-A783-CAF57628A45B}.Debug|Any CPU.Build.0 = Debug|Any CPU
		{B673C0F2-5877-44C5-A783-CAF57628A45B}.Debug|x64.ActiveCfg = Debug|x64
		{B673C0F2-5877-44C5-A783-CAF57628A45B}.Debug|x64.Build.0 = Debug|x64
		{B673C0F2-5877-44C5-A783-CAF57628A45B}.Release|Any CPU.ActiveCfg = Release|Any CPU
		{B673C0F2-5877-44C5-A783-CAF57628A45B}.Release|Any CPU.Build.0 = Release|Any CPU
		{B673C0F2-5877-44C5-A783-CAF57628A45B}.Release|x64.ActiveCfg = Release|x64
		{B673C0F2-5877-44C5-A783-CAF57628A45B}.Release|x64.Build.0 = Release|x64
		{9D1EC38F-8118-4CD3-BBAC-5A0A0F3BCE2F}.Debug|Any CPU.ActiveCfg = Debug|Any CPU
		{9D1EC38F-8118-4CD3-BBAC-5A0A0F3BCE2F}.Debug|Any CPU.Build.0 = Debug|Any CPU
		{9D1EC38F-8118-4CD3-BBAC-5A0A0F3BCE2F}.Debug|x64.ActiveCfg = Debug|x64
		{9D1EC38F-8118-4CD3-BBAC-5A0A0F3BCE2F}.Debug|x64.Build.0 = Debug|x64
		{9D1EC38F-8118-4CD3-BBAC-5A0A0F3BCE2F}.Release|Any CPU.ActiveCfg = Release|Any CPU
		{9D1EC38F-8118-4CD3-BBAC-5A0A0F3BCE2F}.Release|Any CPU.Build.0 = Release|Any CPU
		{9D1EC38F-8118-4CD3-BBAC-5A0A0F3BCE2F}.Release|x64.ActiveCfg = Release|x64
		{9D1EC38F-8118-4CD3-BBAC-5A0A0F3BCE2F}.Release|x64.Build.0 = Release|x64
		{C594967A-73FF-40B4-A275-BAEE3F3721C8}.Debug|Any CPU.ActiveCfg = Debug|Any CPU
		{C594967A-73FF-40B4-A275-BAEE3F3721C8}.Debug|Any CPU.Build.0 = Debug|Any CPU
		{C594967A-73FF-40B4-A275-BAEE3F3721C8}.Debug|x64.ActiveCfg = Debug|x64
		{C594967A-73FF-40B4-A275-BAEE3F3721C8}.Debug|x64.Build.0 = Debug|x64
		{C594967A-73FF-40B4-A275-BAEE3F3721C8}.Release|Any CPU.ActiveCfg = Release|Any CPU
		{C594967A-73FF-40B4-A275-BAEE3F3721C8}.Release|Any CPU.Build.0 = Release|Any CPU
		{C594967A-73FF-40B4-A275-BAEE3F3721C8}.Release|x64.ActiveCfg = Release|x64
		{C594967A-73FF-40B4-A275-BAEE3F3721C8}.Release|x64.Build.0 = Release|x64
		{1AD16A44-C870-4B17-AF25-2585CE3318AA}.Debug|Any CPU.ActiveCfg = Debug|Any CPU
		{1AD16A44-C870-4B17-AF25-2585CE3318AA}.Debug|Any CPU.Build.0 = Debug|Any CPU
		{1AD16A44-C870-4B17-AF25-2585CE3318AA}.Debug|x64.ActiveCfg = Debug|x64
		{1AD16A44-C870-4B17-AF25-2585CE3318AA}.Debug|x64.Build.0 = Debug|x64
		{1AD16A44-C870-4B17-AF25-2585CE3318AA}.Release|Any CPU.ActiveCfg = Release|Any CPU
		{1AD16A44-C870-4B17-AF25-2585CE3318AA}.Release|Any CPU.Build.0 = Release|Any CPU
		{1AD16A44-C870-4B17-AF25-2585CE3318AA}.Release|x64.ActiveCfg = Release|x64
		{1AD16A44-C870-4B17-AF25-2585CE3318AA}.Release|x64.Build.0 = Release|x64
	EndGlobalSection
	GlobalSection(SolutionProperties) = preSolution
		HideSolutionNode = FALSE
	EndGlobalSection
EndGlobal
